<?xml version="1.0" encoding="utf-8"?>
<Project ToolsVersion="4.0" xmlns="http://schemas.microsoft.com/developer/msbuild/2003">
  <ItemGroup>
    <Filter Include="Source Files">
      <UniqueIdentifier>{4FC737F1-C7A5-4376-A066-2A32D752A2FF}</UniqueIdentifier>
      <Extensions>cpp;c;cc;cxx;def;odl;idl;hpj;bat;asm;asmx</Extensions>
    </Filter>
    <Filter Include="Header Files">
      <UniqueIdentifier>{93995380-89BD-4b04-88EB-625FBE52EBFB}</UniqueIdentifier>
      <Extensions>h;hh;hpp;hxx;hm;inl;inc;xsd</Extensions>
    </Filter>
    <Filter Include="Resource Files">
      <UniqueIdentifier>{67DA6AB6-F800-4c08-8B7A-83BB121AAD01}</UniqueIdentifier>
      <Extensions>rc;ico;cur;bmp;dlg;rc2;rct;bin;rgs;gif;jpg;jpeg;jpe;resx;tiff;tif;png;wav</Extensions>
    </Filter>
    <Filter Include="Source Files\Vulkan">
      <UniqueIdentifier>{f33ca96c-67fe-42d5-bf4c-49a0e789e902}</UniqueIdentifier>
    </Filter>
    <Filter Include="Header Files\Vulkan">
      <UniqueIdentifier>{2b8bb896-2d30-44ad-b3a3-e3a7e942571d}</UniqueIdentifier>
    </Filter>
  </ItemGroup>
  <ItemGroup>
    <ClCompile Include="problems.cpp">
      <Filter>Source Files</Filter>
    </ClCompile>
    <ClCompile Include="Pancake.cpp">
      <Filter>Source Files</Filter>
    </ClCompile>
    <ClCompile Include="main.cpp">
      <Filter>Source Files</Filter>
    </ClCompile>
    <ClCompile Include="IDAstar.cpp">
      <Filter>Source Files</Filter>
    </ClCompile>
    <ClCompile Include="GBFHS.h">
      <Filter>Header Files</Filter>
    </ClCompile>
    <ClCompile Include="..\VulkanStarlight\Archetype.cpp">
      <Filter>Source Files\Vulkan</Filter>
    </ClCompile>
    <ClCompile Include="..\VulkanStarlight\compile_headers.cpp">
      <Filter>Source Files\Vulkan</Filter>
    </ClCompile>
    <ClCompile Include="..\VulkanStarlight\FontComponents.cpp">
      <Filter>Source Files\Vulkan</Filter>
    </ClCompile>
    <ClCompile Include="..\VulkanStarlight\Input.cpp">
      <Filter>Source Files\Vulkan</Filter>
    </ClCompile>
    <ClCompile Include="..\VulkanStarlight\Renderer.cpp">
      <Filter>Source Files\Vulkan</Filter>
    </ClCompile>
    <ClCompile Include="..\VulkanStarlight\UISystem.cpp">
      <Filter>Source Files\Vulkan</Filter>
    </ClCompile>
    <ClCompile Include="..\VulkanStarlight\VulkanBackgroundRenderer.cpp">
      <Filter>Source Files\Vulkan</Filter>
    </ClCompile>
    <ClCompile Include="..\VulkanStarlight\VulkanDebug.cpp">
      <Filter>Source Files\Vulkan</Filter>
    </ClCompile>
    <ClCompile Include="..\VulkanStarlight\VulkanFontRenderer.cpp">
      <Filter>Source Files\Vulkan</Filter>
    </ClCompile>
    <ClCompile Include="..\VulkanStarlight\VulkanModelRenderer.cpp">
      <Filter>Source Files\Vulkan</Filter>
    </ClCompile>
    <ClCompile Include="..\VulkanStarlight\VulkanOutlineRenderer.cpp">
      <Filter>Source Files\Vulkan</Filter>
    </ClCompile>
    <ClCompile Include="..\VulkanStarlight\VulkanSpriteRenderer.cpp">
      <Filter>Source Files\Vulkan</Filter>
    </ClCompile>
    <ClCompile Include="..\VulkanStarlight\VulkanTools.cpp">
      <Filter>Source Files\Vulkan</Filter>
    </ClCompile>
    <ClCompile Include="..\VulkanStarlight\Window.cpp">
      <Filter>Source Files\Vulkan</Filter>
    </ClCompile>
    <ClCompile Include="..\VulkanStarlight\VulkanLineRenderer.cpp">
      <Filter>Source Files\Vulkan</Filter>
    </ClCompile>
  </ItemGroup>
  <ItemGroup>
    <ClInclude Include="problems.h">
      <Filter>Header Files</Filter>
    </ClInclude>
    <ClInclude Include="Astar.h">
      <Filter>Header Files</Filter>
    </ClInclude>
    <ClInclude Include="Pancake.h">
      <Filter>Header Files</Filter>
    </ClInclude>
    <ClInclude Include="hash.hpp">
      <Filter>Header Files</Filter>
    </ClInclude>
    <ClInclude Include="Direction.h">
      <Filter>Header Files</Filter>
    </ClInclude>
    <ClInclude Include="id-d.h">
      <Filter>Header Files</Filter>
    </ClInclude>
    <ClInclude Include="IDAstar.h">
      <Filter>Header Files</Filter>
    </ClInclude>
    <ClInclude Include="dibbs.h">
      <Filter>Header Files</Filter>
    </ClInclude>
    <ClInclude Include="dvcbs.h">
      <Filter>Header Files</Filter>
    </ClInclude>
    <ClInclude Include="Nbs.h">
      <Filter>Header Files</Filter>
    </ClInclude>
    <ClInclude Include="id-d with closed.h">
      <Filter>Header Files</Filter>
    </ClInclude>
    <ClInclude Include="dibbs-array.hpp">
      <Filter>Header Files</Filter>
    </ClInclude>
    <ClInclude Include="dibbs-global.hpp">
      <Filter>Header Files</Filter>
    </ClInclude>
    <ClInclude Include="dibbs-nbs.hpp">
      <Filter>Header Files</Filter>
    </ClInclude>
    <ClInclude Include="asymmetric.h">
      <Filter>Header Files</Filter>
    </ClInclude>
    <ClInclude Include="PerfectSolution.h">
      <Filter>Header Files</Filter>
    </ClInclude>
    <ClInclude Include="..\VulkanStarlight\Archetype.h">
      <Filter>Header Files\Vulkan</Filter>
    </ClInclude>
    <ClInclude Include="..\VulkanStarlight\camera.hpp">
      <Filter>Header Files\Vulkan</Filter>
    </ClInclude>
    <ClInclude Include="..\VulkanStarlight\defines.h">
      <Filter>Header Files\Vulkan</Filter>
    </ClInclude>
    <ClInclude Include="..\VulkanStarlight\ECSManager.h">
      <Filter>Header Files\Vulkan</Filter>
    </ClInclude>
    <ClInclude Include="..\VulkanStarlight\Entity.h">
      <Filter>Header Files\Vulkan</Filter>
    </ClInclude>
    <ClInclude Include="..\VulkanStarlight\Events.h">
      <Filter>Header Files\Vulkan</Filter>
    </ClInclude>
    <ClInclude Include="..\VulkanStarlight\FontComponents.h">
      <Filter>Header Files\Vulkan</Filter>
    </ClInclude>
    <ClInclude Include="..\VulkanStarlight\frustum.hpp">
      <Filter>Header Files\Vulkan</Filter>
    </ClInclude>
    <ClInclude Include="..\VulkanStarlight\Input.h">
      <Filter>Header Files\Vulkan</Filter>
    </ClInclude>
    <ClInclude Include="..\VulkanStarlight\keycodes.hpp">
      <Filter>Header Files\Vulkan</Filter>
    </ClInclude>
    <ClInclude Include="..\VulkanStarlight\Model.hpp">
      <Filter>Header Files\Vulkan</Filter>
    </ClInclude>
    <ClInclude Include="..\VulkanStarlight\Renderer.h">
      <Filter>Header Files\Vulkan</Filter>
    </ClInclude>
    <ClInclude Include="..\VulkanStarlight\Screen.h">
      <Filter>Header Files\Vulkan</Filter>
    </ClInclude>
    <ClInclude Include="..\VulkanStarlight\ScreenElementProcessor.hpp">
      <Filter>Header Files\Vulkan</Filter>
    </ClInclude>
    <ClInclude Include="..\VulkanStarlight\Serialization.h">
      <Filter>Header Files\Vulkan</Filter>
    </ClInclude>
    <ClInclude Include="..\VulkanStarlight\sprite.h">
      <Filter>Header Files\Vulkan</Filter>
    </ClInclude>
    <ClInclude Include="..\VulkanStarlight\StackArray.h">
      <Filter>Header Files\Vulkan</Filter>
    </ClInclude>
    <ClInclude Include="..\VulkanStarlight\static_helpers.h">
      <Filter>Header Files\Vulkan</Filter>
    </ClInclude>
    <ClInclude Include="..\VulkanStarlight\threadpool.hpp">
      <Filter>Header Files\Vulkan</Filter>
    </ClInclude>
    <ClInclude Include="..\VulkanStarlight\Timer.hpp">
      <Filter>Header Files\Vulkan</Filter>
    </ClInclude>
    <ClInclude Include="..\VulkanStarlight\Transform.h">
      <Filter>Header Files\Vulkan</Filter>
    </ClInclude>
    <ClInclude Include="..\VulkanStarlight\TransientComponents.h">
      <Filter>Header Files\Vulkan</Filter>
    </ClInclude>
    <ClInclude Include="..\VulkanStarlight\UISystem.h">
      <Filter>Header Files\Vulkan</Filter>
    </ClInclude>
    <ClInclude Include="..\VulkanStarlight\VulkanBackgroundRenderer.h">
      <Filter>Header Files\Vulkan</Filter>
    </ClInclude>
    <ClInclude Include="..\VulkanStarlight\VulkanBaseRenderer.h">
      <Filter>Header Files\Vulkan</Filter>
    </ClInclude>
    <ClInclude Include="..\VulkanStarlight\VulkanDebug.h">
      <Filter>Header Files\Vulkan</Filter>
    </ClInclude>
    <ClInclude Include="..\VulkanStarlight\VulkanDevice.hpp">
      <Filter>Header Files\Vulkan</Filter>
    </ClInclude>
    <ClInclude Include="..\VulkanStarlight\VulkanFontRenderer.h">
      <Filter>Header Files\Vulkan</Filter>
    </ClInclude>
    <ClInclude Include="..\VulkanStarlight\VulkanLineRenderer.h">
      <Filter>Header Files\Vulkan</Filter>
    </ClInclude>
    <ClInclude Include="..\VulkanStarlight\VulkanModel.hpp">
      <Filter>Header Files\Vulkan</Filter>
    </ClInclude>
    <ClInclude Include="..\VulkanStarlight\VulkanModelRenderer.h">
      <Filter>Header Files\Vulkan</Filter>
    </ClInclude>
    <ClInclude Include="..\VulkanStarlight\VulkanOutlineRenderer.h">
      <Filter>Header Files\Vulkan</Filter>
    </ClInclude>
    <ClInclude Include="..\VulkanStarlight\VulkanSpriteRenderer.h">
      <Filter>Header Files\Vulkan</Filter>
    </ClInclude>
    <ClInclude Include="..\VulkanStarlight\VulkanSwapChain.hpp">
      <Filter>Header Files\Vulkan</Filter>
    </ClInclude>
    <ClInclude Include="..\VulkanStarlight\VulkanTexture.hpp">
      <Filter>Header Files\Vulkan</Filter>
    </ClInclude>
    <ClInclude Include="..\VulkanStarlight\VulkanTools.h">
      <Filter>Header Files\Vulkan</Filter>
    </ClInclude>
    <ClInclude Include="..\VulkanStarlight\Window.h">
      <Filter>Header Files\Vulkan</Filter>
    </ClInclude>
    <ClInclude Include="dibbs-2phase.hpp">
      <Filter>Header Files</Filter>
    </ClInclude>
    <ClInclude Include="dibbs-2phase-queue.hpp">
      <Filter>Header Files</Filter>
    </ClInclude>
  </ItemGroup>
  <ItemGroup>
    <None Include="shaders\line.frag">
      <Filter>Resource Files</Filter>
    </None>
    <None Include="shaders\line.vert">
      <Filter>Resource Files</Filter>
    </None>
    <None Include="shaders\outline.frag">
      <Filter>Resource Files</Filter>
    </None>
    <None Include="shaders\phong.frag">
      <Filter>Resource Files</Filter>
    </None>
    <None Include="shaders\phong.vert">
      <Filter>Resource Files</Filter>
    </None>
    <None Include="shaders\sdf.frag">
      <Filter>Resource Files</Filter>
    </None>
    <None Include="shaders\sdfsprite.vert">
      <Filter>Resource Files</Filter>
    </None>
    <None Include="shaders\sprite.frag">
      <Filter>Resource Files</Filter>
    </None>
    <None Include="shaders\starsphere.frag">
      <Filter>Resource Files</Filter>
    </None>
    <None Include="shaders\starsphere.vert">
      <Filter>Resource Files</Filter>
    </None>
  </ItemGroup>
</Project>