<?xml version="1.0" encoding="utf-8"?>
<Project ToolsVersion="4.0" xmlns="http://schemas.microsoft.com/developer/msbuild/2003">
  <ItemGroup>
    <Filter Include="Source Files">
      <UniqueIdentifier>{4FC737F1-C7A5-4376-A066-2A32D752A2FF}</UniqueIdentifier>
      <Extensions>cpp;c;cc;cxx;def;odl;idl;hpj;bat;asm;asmx</Extensions>
    </Filter>
    <Filter Include="Header Files">
      <UniqueIdentifier>{93995380-89BD-4b04-88EB-625FBE52EBFB}</UniqueIdentifier>
      <Extensions>h;hh;hpp;hxx;hm;inl;inc;xsd</Extensions>
    </Filter>
    <Filter Include="Resource Files">
      <UniqueIdentifier>{67DA6AB6-F800-4c08-8B7A-83BB121AAD01}</UniqueIdentifier>
      <Extensions>rc;ico;cur;bmp;dlg;rc2;rct;bin;rgs;gif;jpg;jpeg;jpe;resx;tiff;tif;png;wav</Extensions>
    </Filter>
    <Filter Include="Source Files\Vulkan">
      <UniqueIdentifier>{f33ca96c-67fe-42d5-bf4c-49a0e789e902}</UniqueIdentifier>
    </Filter>
    <Filter Include="Header Files\Vulkan">
      <UniqueIdentifier>{2b8bb896-2d30-44ad-b3a3-e3a7e942571d}</UniqueIdentifier>
    </Filter>
  </ItemGroup>
  <ItemGroup>
    <ClCompile Include="problems.cpp">
      <Filter>Source Files</Filter>
    </ClCompile>
    <ClCompile Include="Pancake.cpp">
      <Filter>Source Files</Filter>
    </ClCompile>
    <ClCompile Include="IDAstar.cpp">
      <Filter>Source Files</Filter>
    </ClCompile>
    <ClCompile Include="GBFHS.h">
      <Filter>Header Files</Filter>
    </ClCompile>
    <ClCompile Include="ftf-pancake.cpp">
      <Filter>Source Files</Filter>
    </ClCompile>
    <ClCompile Include="main.cpp">
      <Filter>Source Files</Filter>
    </ClCompile>
    <ClCompile Include="mycuda.cpp">
      <Filter>Source Files</Filter>
    </ClCompile>
  </ItemGroup>
  <ItemGroup>
    <ClInclude Include="problems.h">
      <Filter>Header Files</Filter>
    </ClInclude>
    <ClInclude Include="Astar.h">
      <Filter>Header Files</Filter>
    </ClInclude>
    <ClInclude Include="Pancake.h">
      <Filter>Header Files</Filter>
    </ClInclude>
    <ClInclude Include="hash.hpp">
      <Filter>Header Files</Filter>
    </ClInclude>
    <ClInclude Include="Direction.h">
      <Filter>Header Files</Filter>
    </ClInclude>
    <ClInclude Include="id-d.h">
      <Filter>Header Files</Filter>
    </ClInclude>
    <ClInclude Include="IDAstar.h">
      <Filter>Header Files</Filter>
    </ClInclude>
    <ClInclude Include="dibbs.h">
      <Filter>Header Files</Filter>
    </ClInclude>
    <ClInclude Include="dvcbs.h">
      <Filter>Header Files</Filter>
    </ClInclude>
    <ClInclude Include="Nbs.h">
      <Filter>Header Files</Filter>
    </ClInclude>
    <ClInclude Include="id-d with closed.h">
      <Filter>Header Files</Filter>
    </ClInclude>
    <ClInclude Include="dibbs-array.hpp">
      <Filter>Header Files</Filter>
    </ClInclude>
    <ClInclude Include="dibbs-global.hpp">
      <Filter>Header Files</Filter>
    </ClInclude>
    <ClInclude Include="dibbs-nbs.hpp">
      <Filter>Header Files</Filter>
    </ClInclude>
    <ClInclude Include="PerfectSolution.h">
      <Filter>Header Files</Filter>
    </ClInclude>
    <ClInclude Include="dibbs-2phase.hpp">
      <Filter>Header Files</Filter>
    </ClInclude>
    <ClInclude Include="dibbs-2phase-queue.hpp">
      <Filter>Header Files</Filter>
    </ClInclude>
    <ClInclude Include="hash_table.h">
      <Filter>Header Files</Filter>
    </ClInclude>
    <ClInclude Include="ftf-dibbs.h">
      <Filter>Header Files</Filter>
    </ClInclude>
    <ClInclude Include="2phase-lookahead.h">
      <Filter>Header Files</Filter>
    </ClInclude>
    <ClInclude Include="ftf-pancake.h">
      <Filter>Header Files</Filter>
    </ClInclude>
    <ClInclude Include="mycuda.h">
      <Filter>Header Files</Filter>
    </ClInclude>
    <ClInclude Include="ftf_cudastructure.h">
      <Filter>Header Files</Filter>
    </ClInclude>
  </ItemGroup>
  <ItemGroup>
    <CudaCompile Include="custom_kernels.cuh">
      <Filter>Header Files</Filter>
    </CudaCompile>
    <CudaCompile Include="custom_kernels.cu">
      <Filter>Source Files</Filter>
    </CudaCompile>
  </ItemGroup>
</Project>